
Microsoft Visual Studio Solution File, Format Version 12.00
# Visual Studio Version 17
VisualStudioVersion = 17.9.34728.123
MinimumVisualStudioVersion = 10.0.40219.1
Project("{FAE04EC0-301F-11D3-BF4B-00C04F79EFBC}") = "DotNetWebAPIAuth", "DotNetWebAPIAuth.csproj", "{11B36AF2-27FB-4497-BD3E-F3BFC155BC47}"
EndProject
Global
	GlobalSection(SolutionConfigurationPlatforms) = preSolution
		Debug|Any CPU = Debug|Any CPU
		Release|Any CPU = Release|Any CPU
	EndGlobalSection
	GlobalSection(ProjectConfigurationPlatforms) = postSolution
		{11B36AF2-27FB-4497-BD3E-F3BFC155BC47}.Debug|Any CPU.ActiveCfg = Debug|Any CPU
		{11B36AF2-27FB-4497-BD3E-F3BFC155BC47}.Debug|Any CPU.Build.0 = Debug|Any CPU
		{11B36AF2-27FB-4497-BD3E-F3BFC155BC47}.Release|Any CPU.ActiveCfg = Release|Any CPU
		{11B36AF2-27FB-4497-BD3E-F3BFC155BC47}.Release|Any CPU.Build.0 = Release|Any CPU
	EndGlobalSection
	GlobalSection(SolutionProperties) = preSolution
		HideSolutionNode = FALSE
	EndGlobalSection
	GlobalSection(ExtensibilityGlobals) = postSolution
		SolutionGuid = {8E329942-AC34-4809-89C1-DE9FD24C8891}
	EndGlobalSection
EndGlobal
